
Microsoft Visual Studio Solution File, Format Version 12.00
Project("{FAE04EC0-301F-11D3-BF4B-00C04F79EFBC}") = "TelegramBot-Timetable-Core", "TelegramBot-Timetable-Core\TelegramBot-Timetable-Core.csproj", "{B661BF9D-75AE-4389-A07C-92EEA300A0A2}"
EndProject
Global
	GlobalSection(SolutionConfigurationPlatforms) = preSolution
		Debug|Any CPU = Debug|Any CPU
		Release|Any CPU = Release|Any CPU
	EndGlobalSection
	GlobalSection(ProjectConfigurationPlatforms) = postSolution
		{B661BF9D-75AE-4389-A07C-92EEA300A0A2}.Debug|Any CPU.ActiveCfg = Debug|Any CPU
		{B661BF9D-75AE-4389-A07C-92EEA300A0A2}.Debug|Any CPU.Build.0 = Debug|Any CPU
		{B661BF9D-75AE-4389-A07C-92EEA300A0A2}.Release|Any CPU.ActiveCfg = Release|Any CPU
		{B661BF9D-75AE-4389-A07C-92EEA300A0A2}.Release|Any CPU.Build.0 = Release|Any CPU
	EndGlobalSection
EndGlobal
